
Microsoft Visual Studio Solution File, Format Version 12.00
# Visual Studio 15
VisualStudioVersion = 15.0.28307.539
MinimumVisualStudioVersion = 10.0.40219.1
Project("{FAE04EC0-301F-11D3-BF4B-00C04F79EFBC}") = "Export_EKT", "Export_EKT\Export_EKT.csproj", "{FC33DA90-DBBE-4E0A-9399-B63A29B36F7F}"
EndProject
Global
	GlobalSection(SolutionConfigurationPlatforms) = preSolution
		Debug|Any CPU = Debug|Any CPU
		Release|Any CPU = Release|Any CPU
	EndGlobalSection
	GlobalSection(ProjectConfigurationPlatforms) = postSolution
		{FC33DA90-DBBE-4E0A-9399-B63A29B36F7F}.Debug|Any CPU.ActiveCfg = Debug|Any CPU
		{FC33DA90-DBBE-4E0A-9399-B63A29B36F7F}.Debug|Any CPU.Build.0 = Debug|Any CPU
		{FC33DA90-DBBE-4E0A-9399-B63A29B36F7F}.Release|Any CPU.ActiveCfg = Release|Any CPU
		{FC33DA90-DBBE-4E0A-9399-B63A29B36F7F}.Release|Any CPU.Build.0 = Release|Any CPU
	EndGlobalSection
	GlobalSection(SolutionProperties) = preSolution
		HideSolutionNode = FALSE
	EndGlobalSection
	GlobalSection(ExtensibilityGlobals) = postSolution
		SolutionGuid = {CDEE31BC-BEB1-4F1C-B812-2CDE375899ED}
	EndGlobalSection
EndGlobal
